
Microsoft Visual Studio Solution File, Format Version 12.00
# Visual Studio Version 17
VisualStudioVersion = 17.8.34322.80
MinimumVisualStudioVersion = 10.0.40219.1
Project("{9A19103F-16F7-4668-BE54-9A1E7A4F7556}") = "Thalus.Ulysses.Log4Net.Extensions", "Thalus.Ulysses.Log4Net.Extensions\Thalus.Ulysses.Log4Net.Extensions.csproj", "{BCC065E3-15C6-4C02-B665-EB51AB0C0CC8}"
EndProject
Project("{9A19103F-16F7-4668-BE54-9A1E7A4F7556}") = "Thalus.Ulysses.Log4Net.TestApp", "Thalus.Ulysses.Log4Net.TestApp\Thalus.Ulysses.Log4Net.TestApp.csproj", "{04F8E07B-8129-44AE-B041-33D74A732CC9}"
EndProject
Global
	GlobalSection(SolutionConfigurationPlatforms) = preSolution
		Debug|Any CPU = Debug|Any CPU
		Release|Any CPU = Release|Any CPU
	EndGlobalSection
	GlobalSection(ProjectConfigurationPlatforms) = postSolution
		{BCC065E3-15C6-4C02-B665-EB51AB0C0CC8}.Debug|Any CPU.ActiveCfg = Debug|Any CPU
		{BCC065E3-15C6-4C02-B665-EB51AB0C0CC8}.Debug|Any CPU.Build.0 = Debug|Any CPU
		{BCC065E3-15C6-4C02-B665-EB51AB0C0CC8}.Release|Any CPU.ActiveCfg = Release|Any CPU
		{BCC065E3-15C6-4C02-B665-EB51AB0C0CC8}.Release|Any CPU.Build.0 = Release|Any CPU
		{04F8E07B-8129-44AE-B041-33D74A732CC9}.Debug|Any CPU.ActiveCfg = Debug|Any CPU
		{04F8E07B-8129-44AE-B041-33D74A732CC9}.Debug|Any CPU.Build.0 = Debug|Any CPU
		{04F8E07B-8129-44AE-B041-33D74A732CC9}.Release|Any CPU.ActiveCfg = Release|Any CPU
		{04F8E07B-8129-44AE-B041-33D74A732CC9}.Release|Any CPU.Build.0 = Release|Any CPU
	EndGlobalSection
	GlobalSection(SolutionProperties) = preSolution
		HideSolutionNode = FALSE
	EndGlobalSection
	GlobalSection(ExtensibilityGlobals) = postSolution
		SolutionGuid = {CAC01019-9928-42DF-9D23-F7BEC97A7C2A}
	EndGlobalSection
EndGlobal
